
Microsoft Visual Studio Solution File, Format Version 12.00
# Visual Studio Version 17
VisualStudioVersion = 17.4.33213.308
MinimumVisualStudioVersion = 10.0.40219.1
Project("{FAE04EC0-301F-11D3-BF4B-00C04F79EFBC}") = "Calculate", "Calculate\Calculate.csproj", "{9397CCB0-3D63-4EE9-97A1-5876E562527C}"
EndProject
Global
	GlobalSection(SolutionConfigurationPlatforms) = preSolution
		Debug|Any CPU = Debug|Any CPU
		Release|Any CPU = Release|Any CPU
	EndGlobalSection
	GlobalSection(ProjectConfigurationPlatforms) = postSolution
		{9397CCB0-3D63-4EE9-97A1-5876E562527C}.Debug|Any CPU.ActiveCfg = Debug|Any CPU
		{9397CCB0-3D63-4EE9-97A1-5876E562527C}.Debug|Any CPU.Build.0 = Debug|Any CPU
		{9397CCB0-3D63-4EE9-97A1-5876E562527C}.Release|Any CPU.ActiveCfg = Release|Any CPU
		{9397CCB0-3D63-4EE9-97A1-5876E562527C}.Release|Any CPU.Build.0 = Release|Any CPU
	EndGlobalSection
	GlobalSection(SolutionProperties) = preSolution
		HideSolutionNode = FALSE
	EndGlobalSection
	GlobalSection(ExtensibilityGlobals) = postSolution
		SolutionGuid = {D4A8AB61-7554-4E3D-B783-3536364AD607}
	EndGlobalSection
EndGlobal
